// !$*UTF8*$!
{
	archiveVersion = 1;
	classes = {
	};
	objectVersion = 77;
	objects = {

/* Begin PBXBuildFile section */
		32AAA6D52F4CE694008CAA7A /* Auth in Frameworks */ = {isa = PBXBuildFile; productRef = 32AAA6D42F4CE694008CAA7A /* Auth */; };
		32AAA6D72F4CE694008CAA7A /* Functions in Frameworks */ = {isa = PBXBuildFile; productRef = 32AAA6D62F4CE694008CAA7A /* Functions */; };
		32AAA6D92F4CE694008CAA7A /* PostgREST in Frameworks */ = {isa = PBXBuildFile; productRef = 32AAA6D82F4CE694008CAA7A /* PostgREST */; };
		32AAA6DB2F4CE694008CAA7A /* Realtime in Frameworks */ = {isa = PBXBuildFile; productRef = 32AAA6DA2F4CE694008CAA7A /* Realtime */; };
		32AAA6DD2F4CE694008CAA7A /* Storage in Frameworks */ = {isa = PBXBuildFile; productRef = 32AAA6DC2F4CE694008CAA7A /* Storage */; };
/* End PBXBuildFile section */

/* Begin PBXContainerItemProxy section */
		32AAA6A42F4CDEAD008CAA7A /* PBXContainerItemProxy */ = {
			isa = PBXContainerItemProxy;
			containerPortal = 32AAA68E2F4CDEAA008CAA7A /* Project object */;
			proxyType = 1;
			remoteGlobalIDString = 32AAA6952F4CDEAA008CAA7A;
			remoteInfo = "Crossed Paths";
		};
		32AAA6AE2F4CDEAD008CAA7A /* PBXContainerItemProxy */ = {
			isa = PBXContainerItemProxy;
			containerPortal = 32AAA68E2F4CDEAA008CAA7A /* Project object */;
			proxyType = 1;
			remoteGlobalIDString = 32AAA6952F4CDEAA008CAA7A;
			remoteInfo = "Crossed Paths";
		};
/* End PBXContainerItemProxy section */

/* Begin PBXFileReference section */
		32AAA6962F4CDEAA008CAA7A /* Crossed Paths.app */ = {isa = PBXFileReference; explicitFileType = wrapper.application; includeInIndex = 0; path = "Crossed Paths.app"; sourceTree = BUILT_PRODUCTS_DIR; };
		32AAA6A32F4CDEAD008CAA7A /* Crossed PathsTests.xctest */ = {isa = PBXFileReference; explicitFileType = wrapper.cfbundle; includeInIndex = 0; path = "Crossed PathsTests.xctest"; sourceTree = BUILT_PRODUCTS_DIR; };
		32AAA6AD2F4CDEAD008CAA7A /* Crossed PathsUITests.xctest */ = {isa = PBXFileReference; explicitFileType = wrapper.cfbundle; includeInIndex = 0; path = "Crossed PathsUITests.xctest"; sourceTree = BUILT_PRODUCTS_DIR; };
/* End PBXFileReference section */

/* Begin PBXFileSystemSynchronizedRootGroup section */
		32AAA6982F4CDEAA008CAA7A /* Crossed Paths */ = {
			isa = PBXFileSystemSynchronizedRootGroup;
			path = "Crossed Paths";
			sourceTree = "<group>";
		};
		32AAA6A62F4CDEAD008CAA7A /* Crossed PathsTests */ = {
			isa = PBXFileSystemSynchronizedRootGroup;
			path = "Crossed PathsTests";
			sourceTree = "<group>";
		};
		32AAA6B02F4CDEAD008CAA7A /* Crossed PathsUITests */ = {
			isa = PBXFileSystemSynchronizedRootGroup;
			path = "Crossed PathsUITests";
			sourceTree = "<group>";
		};
/* End PBXFileSystemSynchronizedRootGroup section */

/* Begin PBXFrameworksBuildPhase section */
		32AAA6932F4CDEAA008CAA7A /* Frameworks */ = {
			isa = PBXFrameworksBuildPhase;
			buildActionMask = 2147483647;
			files = (
				32AAA6D92F4CE694008CAA7A /* PostgREST in Frameworks */,
				32AAA6D72F4CE694008CAA7A /* Functions in Frameworks */,
				32AAA6D52F4CE694008CAA7A /* Auth in Frameworks */,
				32AAA6DD2F4CE694008CAA7A /* Storage in Frameworks */,
				32AAA6DB2F4CE694008CAA7A /* Realtime in Frameworks */,
			);
			runOnlyForDeploymentPostprocessing = 0;
		};
		32AAA6A02F4CDEAD008CAA7A /* Frameworks */ = {
			isa = PBXFrameworksBuildPhase;
			buildActionMask = 2147483647;
			files = (
			);
			runOnlyForDeploymentPostprocessing = 0;
		};
		32AAA6AA2F4CDEAD008CAA7A /* Frameworks */ = {
			isa = PBXFrameworksBuildPhase;
			buildActionMask = 2147483647;
			files = (
			);
			runOnlyForDeploymentPostprocessing = 0;
		};
/* End PBXFrameworksBuildPhase section */

/* Begin PBXGroup section */
		32AAA68D2F4CDEAA008CAA7A = {
			isa = PBXGroup;
			children = (
				32AAA6982F4CDEAA008CAA7A /* Crossed Paths */,
				32AAA6A62F4CDEAD008CAA7A /* Crossed PathsTests */,
				32AAA6B02F4CDEAD008CAA7A /* Crossed PathsUITests */,
				32AAA6972F4CDEAA008CAA7A /* Products */,
			);
			sourceTree = "<group>";
		};
		32AAA6972F4CDEAA008CAA7A /* Products */ = {
			isa = PBXGroup;
			children = (
				32AAA6962F4CDEAA008CAA7A /* Crossed Paths.app */,
				32AAA6A32F4CDEAD008CAA7A /* Crossed PathsTests.xctest */,
				32AAA6AD2F4CDEAD008CAA7A /* Crossed PathsUITests.xctest */,
			);
			name = Products;
			sourceTree = "<group>";
		};
/* End PBXGroup section */

/* Begin PBXNativeTarget section */
		32AAA6952F4CDEAA008CAA7A /* Crossed Paths */ = {
			isa = PBXNativeTarget;
			buildConfigurationList = 32AAA6B72F4CDEAD008CAA7A /* Build configuration list for PBXNativeTarget "Crossed Paths" */;
			buildPhases = (
				32AAA6922F4CDEAA008CAA7A /* Sources */,
				32AAA6932F4CDEAA008CAA7A /* Frameworks */,
				32AAA6942F4CDEAA008CAA7A /* Resources */,
			);
			buildRules = (
			);
			dependencies = (
			);
			fileSystemSynchronizedGroups = (
				32AAA6982F4CDEAA008CAA7A /* Crossed Paths */,
			);
			name = "Crossed Paths";
			packageProductDependencies = (
				32AAA6D42F4CE694008CAA7A /* Auth */,
				32AAA6D62F4CE694008CAA7A /* Functions */,
				32AAA6D82F4CE694008CAA7A /* PostgREST */,
				32AAA6DA2F4CE694008CAA7A /* Realtime */,
				32AAA6DC2F4CE694008CAA7A /* Storage */,
			);
			productName = "Crossed Paths";
			productReference = 32AAA6962F4CDEAA008CAA7A /* Crossed Paths.app */;
			productType = "com.apple.product-type.application";
		};
		32AAA6A22F4CDEAD008CAA7A /* Crossed PathsTests */ = {
			isa = PBXNativeTarget;
			buildConfigurationList = 32AAA6BA2F4CDEAD008CAA7A /* Build configuration list for PBXNativeTarget "Crossed PathsTests" */;
			buildPhases = (
				32AAA69F2F4CDEAD008CAA7A /* Sources */,
				32AAA6A02F4CDEAD008CAA7A /* Frameworks */,
				32AAA6A12F4CDEAD008CAA7A /* Resources */,
			);
			buildRules = (
			);
			dependencies = (
				32AAA6A52F4CDEAD008CAA7A /* PBXTargetDependency */,
			);
			fileSystemSynchronizedGroups = (
				32AAA6A62F4CDEAD008CAA7A /* Crossed PathsTests */,
			);
			name = "Crossed PathsTests";
			packageProductDependencies = (
			);
			productName = "Crossed PathsTests";
			productReference = 32AAA6A32F4CDEAD008CAA7A /* Crossed PathsTests.xctest */;
			productType = "com.apple.product-type.bundle.unit-test";
		};
		32AAA6AC2F4CDEAD008CAA7A /* Crossed PathsUITests */ = {
			isa = PBXNativeTarget;
			buildConfigurationList = 32AAA6BD2F4CDEAD008CAA7A /* Build configuration list for PBXNativeTarget "Crossed PathsUITests" */;
			buildPhases = (
				32AAA6A92F4CDEAD008CAA7A /* Sources */,
				32AAA6AA2F4CDEAD008CAA7A /* Frameworks */,
				32AAA6AB2F4CDEAD008CAA7A /* Resources */,
			);
			buildRules = (
			);
			dependencies = (
				32AAA6AF2F4CDEAD008CAA7A /* PBXTargetDependency */,
			);
			fileSystemSynchronizedGroups = (
				32AAA6B02F4CDEAD008CAA7A /* Crossed PathsUITests */,
			);
			name = "Crossed PathsUITests";
			packageProductDependencies = (
			);
			productName = "Crossed PathsUITests";
			productReference = 32AAA6AD2F4CDEAD008CAA7A /* Crossed PathsUITests.xctest */;
			productType = "com.apple.product-type.bundle.ui-testing";
		};
/* End PBXNativeTarget section */

/* Begin PBXProject section */
		32AAA68E2F4CDEAA008CAA7A /* Project object */ = {
			isa = PBXProject;
			attributes = {
				BuildIndependentTargetsInParallel = 1;
				LastSwiftUpdateCheck = 2600;
				LastUpgradeCheck = 2600;
				TargetAttributes = {
					32AAA6952F4CDEAA008CAA7A = {
						CreatedOnToolsVersion = 26.0.1;
					};
					32AAA6A22F4CDEAD008CAA7A = {
						CreatedOnToolsVersion = 26.0.1;
						TestTargetID = 32AAA6952F4CDEAA008CAA7A;
					};
					32AAA6AC2F4CDEAD008CAA7A = {
						CreatedOnToolsVersion = 26.0.1;
						TestTargetID = 32AAA6952F4CDEAA008CAA7A;
					};
				};
			};
			buildConfigurationList = 32AAA6912F4CDEAA008CAA7A /* Build configuration list for PBXProject "Crossed Paths" */;
			developmentRegion = en;
			hasScannedForEncodings = 0;
			knownRegions = (
				en,
			);
			mainGroup = 32AAA68D2F4CDEAA008CAA7A;
			minimizedProjectReferenceProxies = 1;
			packageReferences = (
				32AAA6C02F4CE0C7008CAA7A /* XCRemoteSwiftPackageReference "supabase-swift" */,
			);
			preferredProjectObjectVersion = 77;
			productRefGroup = 32AAA6972F4CDEAA008CAA7A /* Products */;
			projectDirPath = "";
			projectRoot = "";
			targets = (
				32AAA6952F4CDEAA008CAA7A /* Crossed Paths */,
				32AAA6A22F4CDEAD008CAA7A /* Crossed PathsTests */,
				32AAA6AC2F4CDEAD008CAA7A /* Crossed PathsUITests */,
			);
		};
/* End PBXProject section */

/* Begin PBXResourcesBuildPhase section */
		32AAA6942F4CDEAA008CAA7A /* Resources */ = {
			isa = PBXResourcesBuildPhase;
			buildActionMask = 2147483647;
			files = (
			);
			runOnlyForDeploymentPostprocessing = 0;
		};
		32AAA6A12F4CDEAD008CAA7A /* Resources */ = {
			isa = PBXResourcesBuildPhase;
			buildActionMask = 2147483647;
			files = (
			);
			runOnlyForDeploymentPostprocessing = 0;
		};
		32AAA6AB2F4CDEAD008CAA7A /* Resources */ = {
			isa = PBXResourcesBuildPhase;
			buildActionMask = 2147483647;
			files = (
			);
			runOnlyForDeploymentPostprocessing = 0;
		};
/* End PBXResourcesBuildPhase section */

/* Begin PBXSourcesBuildPhase section */
		32AAA6922F4CDEAA008CAA7A /* Sources */ = {
			isa = PBXSourcesBuildPhase;
			buildActionMask = 2147483647;
			files = (
			);
			runOnlyForDeploymentPostprocessing = 0;
		};
		32AAA69F2F4CDEAD008CAA7A /* Sources */ = {
			isa = PBXSourcesBuildPhase;
			buildActionMask = 2147483647;
			files = (
			);
			runOnlyForDeploymentPostprocessing = 0;
		};
		32AAA6A92F4CDEAD008CAA7A /* Sources */ = {
			isa = PBXSourcesBuildPhase;
			buildActionMask = 2147483647;
			files = (
			);
			runOnlyForDeploymentPostprocessing = 0;
		};
/* End PBXSourcesBuildPhase section */

/* Begin PBXTargetDependency section */
		32AAA6A52F4CDEAD008CAA7A /* PBXTargetDependency */ = {
			isa = PBXTargetDependency;
			target = 32AAA6952F4CDEAA008CAA7A /* Crossed Paths */;
			targetProxy = 32AAA6A42F4CDEAD008CAA7A /* PBXContainerItemProxy */;
		};
		32AAA6AF2F4CDEAD008CAA7A /* PBXTargetDependency */ = {
			isa = PBXTargetDependency;
			target = 32AAA6952F4CDEAA008CAA7A /* Crossed Paths */;
			targetProxy = 32AAA6AE2F4CDEAD008CAA7A /* PBXContainerItemProxy */;
		};
/* End PBXTargetDependency section */

/* Begin XCBuildConfiguration section */
		32AAA6B52F4CDEAD008CAA7A /* Debug */ = {
			isa = XCBuildConfiguration;
			buildSettings = {
				ALWAYS_SEARCH_USER_PATHS = NO;
				ASSETCATALOG_COMPILER_GENERATE_SWIFT_ASSET_SYMBOL_EXTENSIONS = YES;
				CLANG_ANALYZER_NONNULL = YES;
				CLANG_ANALYZER_NUMBER_OBJECT_CONVERSION = YES_AGGRESSIVE;
				CLANG_CXX_LANGUAGE_STANDARD = "gnu++20";
				CLANG_ENABLE_MODULES = YES;
				CLANG_ENABLE_OBJC_ARC = YES;
				CLANG_ENABLE_OBJC_WEAK = YES;
				CLANG_WARN_BLOCK_CAPTURE_AUTORELEASING = YES;
				CLANG_WARN_BOOL_CONVERSION = YES;
				CLANG_WARN_COMMA = YES;
				CLANG_WARN_CONSTANT_CONVERSION = YES;
				CLANG_WARN_DEPRECATED_OBJC_IMPLEMENTATIONS = YES;
				CLANG_WARN_DIRECT_OBJC_ISA_USAGE = YES_ERROR;
				CLANG_WARN_DOCUMENTATION_COMMENTS = YES;
				CLANG_WARN_EMPTY_BODY = YES;
				CLANG_WARN_ENUM_CONVERSION = YES;
				CLANG_WARN_INFINITE_RECURSION = YES;
				CLANG_WARN_INT_CONVERSION = YES;
				CLANG_WARN_NON_LITERAL_NULL_CONVERSION = YES;
				CLANG_WARN_OBJC_IMPLICIT_RETAIN_SELF = YES;
				CLANG_WARN_OBJC_LITERAL_CONVERSION = YES;
				CLANG_WARN_OBJC_ROOT_CLASS = YES_ERROR;
				CLANG_WARN_QUOTED_INCLUDE_IN_FRAMEWORK_HEADER = YES;
				CLANG_WARN_RANGE_LOOP_ANALYSIS = YES;
				CLANG_WARN_STRICT_PROTOTYPES = YES;
				CLANG_WARN_SUSPICIOUS_MOVE = YES;
				CLANG_WARN_UNGUARDED_AVAILABILITY = YES_AGGRESSIVE;
				CLANG_WARN_UNREACHABLE_CODE = YES;
				CLANG_WARN__DUPLICATE_METHOD_MATCH = YES;
				COPY_PHASE_STRIP = NO;
				DEBUG_INFORMATION_FORMAT = dwarf;
				DEVELOPMENT_TEAM = 864932AHRY;
				ENABLE_STRICT_OBJC_MSGSEND = YES;
				ENABLE_TESTABILITY = YES;
				ENABLE_USER_SCRIPT_SANDBOXING = YES;
				GCC_C_LANGUAGE_STANDARD = gnu17;
				GCC_DYNAMIC_NO_PIC = NO;
				GCC_NO_COMMON_BLOCKS = YES;
				GCC_OPTIMIZATION_LEVEL = 0;
				GCC_PREPROCESSOR_DEFINITIONS = (
					"DEBUG=1",
					"$(inherited)",
				);
				GCC_WARN_64_TO_32_BIT_CONVERSION = YES;
				GCC_WARN_ABOUT_RETURN_TYPE = YES_ERROR;
				GCC_WARN_UNDECLARED_SELECTOR = YES;
				GCC_WARN_UNINITIALIZED_AUTOS = YES_AGGRESSIVE;
				GCC_WARN_UNUSED_FUNCTION = YES;
				GCC_WARN_UNUSED_VARIABLE = YES;
				INFOPLIST_KEY_NSPhotoLibraryUsageDescription = " Crossed Paths uses photo location metadata to find intersections with loved ones. Your actual image files are never uploaded.";
				IPHONEOS_DEPLOYMENT_TARGET = 26.0;
				LOCALIZATION_PREFERS_STRING_CATALOGS = YES;
				MTL_ENABLE_DEBUG_INFO = INCLUDE_SOURCE;
				MTL_FAST_MATH = YES;
				ONLY_ACTIVE_ARCH = YES;
				SDKROOT = iphoneos;
				SWIFT_ACTIVE_COMPILATION_CONDITIONS = "DEBUG $(inherited)";
				SWIFT_OPTIMIZATION_LEVEL = "-Onone";
			};
			name = Debug;
		};
		32AAA6B62F4CDEAD008CAA7A /* Release */ = {
			isa = XCBuildConfiguration;
			buildSettings = {
				ALWAYS_SEARCH_USER_PATHS = NO;
				ASSETCATALOG_COMPILER_GENERATE_SWIFT_ASSET_SYMBOL_EXTENSIONS = YES;
				CLANG_ANALYZER_NONNULL = YES;
				CLANG_ANALYZER_NUMBER_OBJECT_CONVERSION = YES_AGGRESSIVE;
				CLANG_CXX_LANGUAGE_STANDARD = "gnu++20";
				CLANG_ENABLE_MODULES = YES;
				CLANG_ENABLE_OBJC_ARC = YES;
				CLANG_ENABLE_OBJC_WEAK = YES;
				CLANG_WARN_BLOCK_CAPTURE_AUTORELEASING = YES;
				CLANG_WARN_BOOL_CONVERSION = YES;
				CLANG_WARN_COMMA = YES;
				CLANG_WARN_CONSTANT_CONVERSION = YES;
				CLANG_WARN_DEPRECATED_OBJC_IMPLEMENTATIONS = YES;
				CLANG_WARN_DIRECT_OBJC_ISA_USAGE = YES_ERROR;
				CLANG_WARN_DOCUMENTATION_COMMENTS = YES;
				CLANG_WARN_EMPTY_BODY = YES;
				CLANG_WARN_ENUM_CONVERSION = YES;
				CLANG_WARN_INFINITE_RECURSION = YES;
				CLANG_WARN_INT_CONVERSION = YES;
				CLANG_WARN_NON_LITERAL_NULL_CONVERSION = YES;
				CLANG_WARN_OBJC_IMPLICIT_RETAIN_SELF = YES;
				CLANG_WARN_OBJC_LITERAL_CONVERSION = YES;
				CLANG_WARN_OBJC_ROOT_CLASS = YES_ERROR;
				CLANG_WARN_QUOTED_INCLUDE_IN_FRAMEWORK_HEADER = YES;
				CLANG_WARN_RANGE_LOOP_ANALYSIS = YES;
				CLANG_WARN_STRICT_PROTOTYPES = YES;
				CLANG_WARN_SUSPICIOUS_MOVE = YES;
				CLANG_WARN_UNGUARDED_AVAILABILITY = YES_AGGRESSIVE;
				CLANG_WARN_UNREACHABLE_CODE = YES;
				CLANG_WARN__DUPLICATE_METHOD_MATCH = YES;
				COPY_PHASE_STRIP = NO;
				DEBUG_INFORMATION_FORMAT = "dwarf-with-dsym";
				DEVELOPMENT_TEAM = 864932AHRY;
				ENABLE_NS_ASSERTIONS = NO;
				ENABLE_STRICT_OBJC_MSGSEND = YES;
				ENABLE_USER_SCRIPT_SANDBOXING = YES;
				GCC_C_LANGUAGE_STANDARD = gnu17;
				GCC_NO_COMMON_BLOCKS = YES;
				GCC_WARN_64_TO_32_BIT_CONVERSION = YES;
				GCC_WARN_ABOUT_RETURN_TYPE = YES_ERROR;
				GCC_WARN_UNDECLARED_SELECTOR = YES;
				GCC_WARN_UNINITIALIZED_AUTOS = YES_AGGRESSIVE;
				GCC_WARN_UNUSED_FUNCTION = YES;
				GCC_WARN_UNUSED_VARIABLE = YES;
				INFOPLIST_KEY_NSPhotoLibraryUsageDescription = " Crossed Paths uses photo location metadata to find intersections with loved ones. Your actual image files are never uploaded.";
				IPHONEOS_DEPLOYMENT_TARGET = 26.0;
				LOCALIZATION_PREFERS_STRING_CATALOGS = YES;
				MTL_ENABLE_DEBUG_INFO = NO;
				MTL_FAST_MATH = YES;
				SDKROOT = iphoneos;
				SWIFT_COMPILATION_MODE = wholemodule;
				VALIDATE_PRODUCT = YES;
			};
			name = Release;
		};
		32AAA6B82F4CDEAD008CAA7A /* Debug */ = {
			isa = XCBuildConfiguration;
			buildSettings = {
				ASSETCATALOG_COMPILER_APPICON_NAME = AppIcon;
				ASSETCATALOG_COMPILER_GLOBAL_ACCENT_COLOR_NAME = AccentColor;
				CODE_SIGN_STYLE = Automatic;
				CURRENT_PROJECT_VERSION = 1;
				DEVELOPMENT_TEAM = 864932AHRY;
				ENABLE_PREVIEWS = YES;
				GENERATE_INFOPLIST_FILE = YES;
				INFOPLIST_KEY_UIApplicationSceneManifest_Generation = YES;
				INFOPLIST_KEY_UIApplicationSupportsIndirectInputEvents = YES;
				INFOPLIST_KEY_UILaunchScreen_Generation = YES;
				INFOPLIST_KEY_UISupportedInterfaceOrientations_iPad = "UIInterfaceOrientationPortrait UIInterfaceOrientationPortraitUpsideDown UIInterfaceOrientationLandscapeLeft UIInterfaceOrientationLandscapeRight";
				INFOPLIST_KEY_UISupportedInterfaceOrientations_iPhone = "UIInterfaceOrientationPortrait UIInterfaceOrientationLandscapeLeft UIInterfaceOrientationLandscapeRight";
				LD_RUNPATH_SEARCH_PATHS = (
					"$(inherited)",
					"@executable_path/Frameworks",
				);
				MARKETING_VERSION = 1.0;
				PRODUCT_BUNDLE_IDENTIFIER = "SJF.Crossed-Paths";
				PRODUCT_NAME = "$(TARGET_NAME)";
				STRING_CATALOG_GENERATE_SYMBOLS = YES;
				SWIFT_APPROACHABLE_CONCURRENCY = YES;
				SWIFT_DEFAULT_ACTOR_ISOLATION = MainActor;
				SWIFT_EMIT_LOC_STRINGS = YES;
				SWIFT_UPCOMING_FEATURE_MEMBER_IMPORT_VISIBILITY = YES;
				SWIFT_VERSION = 5.0;
				TARGETED_DEVICE_FAMILY = "1,2";
			};
			name = Debug;
		};
		32AAA6B92F4CDEAD008CAA7A /* Release */ = {
			isa = XCBuildConfiguration;
			buildSettings = {
				ASSETCATALOG_COMPILER_APPICON_NAME = AppIcon;
				ASSETCATALOG_COMPILER_GLOBAL_ACCENT_COLOR_NAME = AccentColor;
				CODE_SIGN_STYLE = Automatic;
				CURRENT_PROJECT_VERSION = 1;
				DEVELOPMENT_TEAM = 864932AHRY;
				ENABLE_PREVIEWS = YES;
				GENERATE_INFOPLIST_FILE = YES;
				INFOPLIST_KEY_UIApplicationSceneManifest_Generation = YES;
				INFOPLIST_KEY_UIApplicationSupportsIndirectInputEvents = YES;
				INFOPLIST_KEY_UILaunchScreen_Generation = YES;
				INFOPLIST_KEY_UISupportedInterfaceOrientations_iPad = "UIInterfaceOrientationPortrait UIInterfaceOrientationPortraitUpsideDown UIInterfaceOrientationLandscapeLeft UIInterfaceOrientationLandscapeRight";
				INFOPLIST_KEY_UISupportedInterfaceOrientations_iPhone = "UIInterfaceOrientationPortrait UIInterfaceOrientationLandscapeLeft UIInterfaceOrientationLandscapeRight";
				LD_RUNPATH_SEARCH_PATHS = (
					"$(inherited)",
					"@executable_path/Frameworks",
				);
				MARKETING_VERSION = 1.0;
				PRODUCT_BUNDLE_IDENTIFIER = "SJF.Crossed-Paths";
				PRODUCT_NAME = "$(TARGET_NAME)";
				STRING_CATALOG_GENERATE_SYMBOLS = YES;
				SWIFT_APPROACHABLE_CONCURRENCY = YES;
				SWIFT_DEFAULT_ACTOR_ISOLATION = MainActor;
				SWIFT_EMIT_LOC_STRINGS = YES;
				SWIFT_UPCOMING_FEATURE_MEMBER_IMPORT_VISIBILITY = YES;
				SWIFT_VERSION = 5.0;
				TARGETED_DEVICE_FAMILY = "1,2";
			};
			name = Release;
		};
		32AAA6BB2F4CDEAD008CAA7A /* Debug */ = {
			isa = XCBuildConfiguration;
			buildSettings = {
				BUNDLE_LOADER = "$(TEST_HOST)";
				CODE_SIGN_STYLE = Automatic;
				CURRENT_PROJECT_VERSION = 1;
				DEVELOPMENT_TEAM = 864932AHRY;
				GENERATE_INFOPLIST_FILE = YES;
				IPHONEOS_DEPLOYMENT_TARGET = 26.0;
				MARKETING_VERSION = 1.0;
				PRODUCT_BUNDLE_IDENTIFIER = "SJF.Crossed-PathsTests";
				PRODUCT_NAME = "$(TARGET_NAME)";
				STRING_CATALOG_GENERATE_SYMBOLS = NO;
				SWIFT_APPROACHABLE_CONCURRENCY = YES;
				SWIFT_EMIT_LOC_STRINGS = NO;
				SWIFT_UPCOMING_FEATURE_MEMBER_IMPORT_VISIBILITY = YES;
				SWIFT_VERSION = 5.0;
				TARGETED_DEVICE_FAMILY = "1,2";
				TEST_HOST = "$(BUILT_PRODUCTS_DIR)/Crossed Paths.app/$(BUNDLE_EXECUTABLE_FOLDER_PATH)/Crossed Paths";
			};
			name = Debug;
		};
		32AAA6BC2F4CDEAD008CAA7A /* Release */ = {
			isa = XCBuildConfiguration;
			buildSettings = {
				BUNDLE_LOADER = "$(TEST_HOST)";
				CODE_SIGN_STYLE = Automatic;
				CURRENT_PROJECT_VERSION = 1;
				DEVELOPMENT_TEAM = 864932AHRY;
				GENERATE_INFOPLIST_FILE = YES;
				IPHONEOS_DEPLOYMENT_TARGET = 26.0;
				MARKETING_VERSION = 1.0;
				PRODUCT_BUNDLE_IDENTIFIER = "SJF.Crossed-PathsTests";
				PRODUCT_NAME = "$(TARGET_NAME)";
				STRING_CATALOG_GENERATE_SYMBOLS = NO;
				SWIFT_APPROACHABLE_CONCURRENCY = YES;
				SWIFT_EMIT_LOC_STRINGS = NO;
				SWIFT_UPCOMING_FEATURE_MEMBER_IMPORT_VISIBILITY = YES;
				SWIFT_VERSION = 5.0;
				TARGETED_DEVICE_FAMILY = "1,2";
				TEST_HOST = "$(BUILT_PRODUCTS_DIR)/Crossed Paths.app/$(BUNDLE_EXECUTABLE_FOLDER_PATH)/Crossed Paths";
			};
			name = Release;
		};
		32AAA6BE2F4CDEAD008CAA7A /* Debug */ = {
			isa = XCBuildConfiguration;
			buildSettings = {
				CODE_SIGN_STYLE = Automatic;
				CURRENT_PROJECT_VERSION = 1;
				DEVELOPMENT_TEAM = 864932AHRY;
				GENERATE_INFOPLIST_FILE = YES;
				MARKETING_VERSION = 1.0;
				PRODUCT_BUNDLE_IDENTIFIER = "SJF.Crossed-PathsUITests";
				PRODUCT_NAME = "$(TARGET_NAME)";
				STRING_CATALOG_GENERATE_SYMBOLS = NO;
				SWIFT_APPROACHABLE_CONCURRENCY = YES;
				SWIFT_EMIT_LOC_STRINGS = NO;
				SWIFT_UPCOMING_FEATURE_MEMBER_IMPORT_VISIBILITY = YES;
				SWIFT_VERSION = 5.0;
				TARGETED_DEVICE_FAMILY = "1,2";
				TEST_TARGET_NAME = "Crossed Paths";
			};
			name = Debug;
		};
		32AAA6BF2F4CDEAD008CAA7A /* Release */ = {
			isa = XCBuildConfiguration;
			buildSettings = {
				CODE_SIGN_STYLE = Automatic;
				CURRENT_PROJECT_VERSION = 1;
				DEVELOPMENT_TEAM = 864932AHRY;
				GENERATE_INFOPLIST_FILE = YES;
				MARKETING_VERSION = 1.0;
				PRODUCT_BUNDLE_IDENTIFIER = "SJF.Crossed-PathsUITests";
				PRODUCT_NAME = "$(TARGET_NAME)";
				STRING_CATALOG_GENERATE_SYMBOLS = NO;
				SWIFT_APPROACHABLE_CONCURRENCY = YES;
				SWIFT_EMIT_LOC_STRINGS = NO;
				SWIFT_UPCOMING_FEATURE_MEMBER_IMPORT_VISIBILITY = YES;
				SWIFT_VERSION = 5.0;
				TARGETED_DEVICE_FAMILY = "1,2";
				TEST_TARGET_NAME = "Crossed Paths";
			};
			name = Release;
		};
/* End XCBuildConfiguration section */

/* Begin XCConfigurationList section */
		32AAA6912F4CDEAA008CAA7A /* Build configuration list for PBXProject "Crossed Paths" */ = {
			isa = XCConfigurationList;
			buildConfigurations = (
				32AAA6B52F4CDEAD008CAA7A /* Debug */,
				32AAA6B62F4CDEAD008CAA7A /* Release */,
			);
			defaultConfigurationIsVisible = 0;
			defaultConfigurationName = Release;
		};
		32AAA6B72F4CDEAD008CAA7A /* Build configuration list for PBXNativeTarget "Crossed Paths" */ = {
			isa = XCConfigurationList;
			buildConfigurations = (
				32AAA6B82F4CDEAD008CAA7A /* Debug */,
				32AAA6B92F4CDEAD008CAA7A /* Release */,
			);
			defaultConfigurationIsVisible = 0;
			defaultConfigurationName = Release;
		};
		32AAA6BA2F4CDEAD008CAA7A /* Build configuration list for PBXNativeTarget "Crossed PathsTests" */ = {
			isa = XCConfigurationList;
			buildConfigurations = (
				32AAA6BB2F4CDEAD008CAA7A /* Debug */,
				32AAA6BC2F4CDEAD008CAA7A /* Release */,
			);
			defaultConfigurationIsVisible = 0;
			defaultConfigurationName = Release;
		};
		32AAA6BD2F4CDEAD008CAA7A /* Build configuration list for PBXNativeTarget "Crossed PathsUITests" */ = {
			isa = XCConfigurationList;
			buildConfigurations = (
				32AAA6BE2F4CDEAD008CAA7A /* Debug */,
				32AAA6BF2F4CDEAD008CAA7A /* Release */,
			);
			defaultConfigurationIsVisible = 0;
			defaultConfigurationName = Release;
		};
/* End XCConfigurationList section */

/* Begin XCRemoteSwiftPackageReference section */
		32AAA6C02F4CE0C7008CAA7A /* XCRemoteSwiftPackageReference "supabase-swift" */ = {
			isa = XCRemoteSwiftPackageReference;
			repositoryURL = "https://github.com/supabase-community/supabase-swift.git";
			requirement = {
				kind = upToNextMajorVersion;
				minimumVersion = 2.5.1;
			};
		};
/* End XCRemoteSwiftPackageReference section */

/* Begin XCSwiftPackageProductDependency section */
		32AAA6D42F4CE694008CAA7A /* Auth */ = {
			isa = XCSwiftPackageProductDependency;
			package = 32AAA6C02F4CE0C7008CAA7A /* XCRemoteSwiftPackageReference "supabase-swift" */;
			productName = Auth;
		};
		32AAA6D62F4CE694008CAA7A /* Functions */ = {
			isa = XCSwiftPackageProductDependency;
			package = 32AAA6C02F4CE0C7008CAA7A /* XCRemoteSwiftPackageReference "supabase-swift" */;
			productName = Functions;
		};
		32AAA6D82F4CE694008CAA7A /* PostgREST */ = {
			isa = XCSwiftPackageProductDependency;
			package = 32AAA6C02F4CE0C7008CAA7A /* XCRemoteSwiftPackageReference "supabase-swift" */;
			productName = PostgREST;
		};
		32AAA6DA2F4CE694008CAA7A /* Realtime */ = {
			isa = XCSwiftPackageProductDependency;
			package = 32AAA6C02F4CE0C7008CAA7A /* XCRemoteSwiftPackageReference "supabase-swift" */;
			productName = Realtime;
		};
		32AAA6DC2F4CE694008CAA7A /* Storage */ = {
			isa = XCSwiftPackageProductDependency;
			package = 32AAA6C02F4CE0C7008CAA7A /* XCRemoteSwiftPackageReference "supabase-swift" */;
			productName = Storage;
		};
/* End XCSwiftPackageProductDependency section */
	};
	rootObject = 32AAA68E2F4CDEAA008CAA7A /* Project object */;
}
